
Microsoft Visual Studio Solution File, Format Version 12.00
# Visual Studio 15
Project("{FAE04EC0-301F-11D3-BF4B-00C04F79EFBC}") = "dataprovider", "vue-dataprovider\dataprovider.csproj", "{DB61D377-D2EC-4819-88CD-0F1A73509273}"
EndProject
Project("{FAE04EC0-301F-11D3-BF4B-00C04F79EFBC}") = "dataprovider.web", "dataprovider.web\dataprovider.web.csproj", "{2FDCE41C-40D2-49CE-92DA-3FD9B62C726A}"
EndProject
Global
	GlobalSection(SolutionConfigurationPlatforms) = preSolution
		Debug|Any CPU = Debug|Any CPU
		Release|Any CPU = Release|Any CPU
	EndGlobalSection
	GlobalSection(ProjectConfigurationPlatforms) = postSolution
		{DB61D377-D2EC-4819-88CD-0F1A73509273}.Debug|Any CPU.ActiveCfg = Debug|Any CPU
		{DB61D377-D2EC-4819-88CD-0F1A73509273}.Debug|Any CPU.Build.0 = Debug|Any CPU
		{DB61D377-D2EC-4819-88CD-0F1A73509273}.Release|Any CPU.ActiveCfg = Release|Any CPU
		{DB61D377-D2EC-4819-88CD-0F1A73509273}.Release|Any CPU.Build.0 = Release|Any CPU
		{2FDCE41C-40D2-49CE-92DA-3FD9B62C726A}.Debug|Any CPU.ActiveCfg = Debug|Any CPU
		{2FDCE41C-40D2-49CE-92DA-3FD9B62C726A}.Debug|Any CPU.Build.0 = Debug|Any CPU
		{2FDCE41C-40D2-49CE-92DA-3FD9B62C726A}.Release|Any CPU.ActiveCfg = Release|Any CPU
		{2FDCE41C-40D2-49CE-92DA-3FD9B62C726A}.Release|Any CPU.Build.0 = Release|Any CPU
	EndGlobalSection
EndGlobal
